
Microsoft Visual Studio Solution File, Format Version 12.00
# Visual Studio 14
VisualStudioVersion = 14.0.25420.1
MinimumVisualStudioVersion = 10.0.40219.1
Project("{FAE04EC0-301F-11D3-BF4B-00C04F79EFBC}") = "SearchBox", "SearchBox\SearchBox\SearchBox.csproj", "{ED7159C7-1A09-41D5-AFC9-648F6AF31D5B}"
EndProject
Project("{FAE04EC0-301F-11D3-BF4B-00C04F79EFBC}") = "SearchBox.Droid", "SearchBox\SearchBox.Droid\SearchBox.Droid.csproj", "{16BB8A28-40AA-4D7F-AB26-ECFEC67790DE}"
EndProject
Project("{FAE04EC0-301F-11D3-BF4B-00C04F79EFBC}") = "SearchBox.iOS", "SearchBox\SearchBox.iOS\SearchBox.iOS.csproj", "{0EE2EABE-77C3-4E69-9218-1A5BBF1475E8}"
EndProject
Project("{FAE04EC0-301F-11D3-BF4B-00C04F79EFBC}") = "SearchBox.WinPhone", "SearchBox\SearchBox.WinPhone\SearchBox.WinPhone.csproj", "{A2C79A9A-200B-4BDB-A697-9A9F8601F906}"
EndProject
Project("{FAE04EC0-301F-11D3-BF4B-00C04F79EFBC}") = "SearchBox.UWP", "SearchBox\SearchBox.UWP\SearchBox.UWP.csproj", "{34C996B4-CB4E-4FBC-A497-55C414B6EC78}"
EndProject
Project("{FAE04EC0-301F-11D3-BF4B-00C04F79EFBC}") = "SearchBox.Windows", "SearchBox\SearchBox.Windows\SearchBox.Windows.csproj", "{CE8F806D-FDD4-4508-8366-83756E0FB4FA}"
EndProject
Global
	GlobalSection(SolutionConfigurationPlatforms) = preSolution
		Ad-Hoc|Any CPU = Ad-Hoc|Any CPU
		Ad-Hoc|ARM = Ad-Hoc|ARM
		Ad-Hoc|iPhone = Ad-Hoc|iPhone
		Ad-Hoc|iPhoneSimulator = Ad-Hoc|iPhoneSimulator
		Ad-Hoc|x64 = Ad-Hoc|x64
		Ad-Hoc|x86 = Ad-Hoc|x86
		AppStore|Any CPU = AppStore|Any CPU
		AppStore|ARM = AppStore|ARM
		AppStore|iPhone = AppStore|iPhone
		AppStore|iPhoneSimulator = AppStore|iPhoneSimulator
		AppStore|x64 = AppStore|x64
		AppStore|x86 = AppStore|x86
		Debug|Any CPU = Debug|Any CPU
		Debug|ARM = Debug|ARM
		Debug|iPhone = Debug|iPhone
		Debug|iPhoneSimulator = Debug|iPhoneSimulator
		Debug|x64 = Debug|x64
		Debug|x86 = Debug|x86
		Release|Any CPU = Release|Any CPU
		Release|ARM = Release|ARM
		Release|iPhone = Release|iPhone
		Release|iPhoneSimulator = Release|iPhoneSimulator
		Release|x64 = Release|x64
		Release|x86 = Release|x86
	EndGlobalSection
	GlobalSection(ProjectConfigurationPlatforms) = postSolution
		{ED7159C7-1A09-41D5-AFC9-648F6AF31D5B}.Ad-Hoc|Any CPU.ActiveCfg = Release|Any CPU
		{ED7159C7-1A09-41D5-AFC9-648F6AF31D5B}.Ad-Hoc|Any CPU.Build.0 = Release|Any CPU
		{ED7159C7-1A09-41D5-AFC9-648F6AF31D5B}.Ad-Hoc|ARM.ActiveCfg = Release|Any CPU
		{ED7159C7-1A09-41D5-AFC9-648F6AF31D5B}.Ad-Hoc|ARM.Build.0 = Release|Any CPU
		{ED7159C7-1A09-41D5-AFC9-648F6AF31D5B}.Ad-Hoc|iPhone.ActiveCfg = Release|Any CPU
		{ED7159C7-1A09-41D5-AFC9-648F6AF31D5B}.Ad-Hoc|iPhone.Build.0 = Release|Any CPU
		{ED7159C7-1A09-41D5-AFC9-648F6AF31D5B}.Ad-Hoc|iPhoneSimulator.ActiveCfg = Release|Any CPU
		{ED7159C7-1A09-41D5-AFC9-648F6AF31D5B}.Ad-Hoc|iPhoneSimulator.Build.0 = Release|Any CPU
		{ED7159C7-1A09-41D5-AFC9-648F6AF31D5B}.Ad-Hoc|x64.ActiveCfg = Release|Any CPU
		{ED7159C7-1A09-41D5-AFC9-648F6AF31D5B}.Ad-Hoc|x64.Build.0 = Release|Any CPU
		{ED7159C7-1A09-41D5-AFC9-648F6AF31D5B}.Ad-Hoc|x86.ActiveCfg = Release|Any CPU
		{ED7159C7-1A09-41D5-AFC9-648F6AF31D5B}.Ad-Hoc|x86.Build.0 = Release|Any CPU
		{ED7159C7-1A09-41D5-AFC9-648F6AF31D5B}.AppStore|Any CPU.ActiveCfg = Release|Any CPU
		{ED7159C7-1A09-41D5-AFC9-648F6AF31D5B}.AppStore|Any CPU.Build.0 = Release|Any CPU
		{ED7159C7-1A09-41D5-AFC9-648F6AF31D5B}.AppStore|ARM.ActiveCfg = Release|Any CPU
		{ED7159C7-1A09-41D5-AFC9-648F6AF31D5B}.AppStore|ARM.Build.0 = Release|Any CPU
		{ED7159C7-1A09-41D5-AFC9-648F6AF31D5B}.AppStore|iPhone.ActiveCfg = Release|Any CPU
		{ED7159C7-1A09-41D5-AFC9-648F6AF31D5B}.AppStore|iPhone.Build.0 = Release|Any CPU
		{ED7159C7-1A09-41D5-AFC9-648F6AF31D5B}.AppStore|iPhoneSimulator.ActiveCfg = Release|Any CPU
		{ED7159C7-1A09-41D5-AFC9-648F6AF31D5B}.AppStore|iPhoneSimulator.Build.0 = Release|Any CPU
		{ED7159C7-1A09-41D5-AFC9-648F6AF31D5B}.AppStore|x64.ActiveCfg = Release|Any CPU
		{ED7159C7-1A09-41D5-AFC9-648F6AF31D5B}.AppStore|x64.Build.0 = Release|Any CPU
		{ED7159C7-1A09-41D5-AFC9-648F6AF31D5B}.AppStore|x86.ActiveCfg = Release|Any CPU
		{ED7159C7-1A09-41D5-AFC9-648F6AF31D5B}.AppStore|x86.Build.0 = Release|Any CPU
		{ED7159C7-1A09-41D5-AFC9-648F6AF31D5B}.Debug|Any CPU.ActiveCfg = Debug|Any CPU
		{ED7159C7-1A09-41D5-AFC9-648F6AF31D5B}.Debug|Any CPU.Build.0 = Debug|Any CPU
		{ED7159C7-1A09-41D5-AFC9-648F6AF31D5B}.Debug|ARM.ActiveCfg = Debug|Any CPU
		{ED7159C7-1A09-41D5-AFC9-648F6AF31D5B}.Debug|ARM.Build.0 = Debug|Any CPU
		{ED7159C7-1A09-41D5-AFC9-648F6AF31D5B}.Debug|iPhone.ActiveCfg = Debug|Any CPU
		{ED7159C7-1A09-41D5-AFC9-648F6AF31D5B}.Debug|iPhone.Build.0 = Debug|Any CPU
		{ED7159C7-1A09-41D5-AFC9-648F6AF31D5B}.Debug|iPhoneSimulator.ActiveCfg = Debug|Any CPU
		{ED7159C7-1A09-41D5-AFC9-648F6AF31D5B}.Debug|iPhoneSimulator.Build.0 = Debug|Any CPU
		{ED7159C7-1A09-41D5-AFC9-648F6AF31D5B}.Debug|x64.ActiveCfg = Debug|Any CPU
		{ED7159C7-1A09-41D5-AFC9-648F6AF31D5B}.Debug|x64.Build.0 = Debug|Any CPU
		{ED7159C7-1A09-41D5-AFC9-648F6AF31D5B}.Debug|x86.ActiveCfg = Debug|Any CPU
		{ED7159C7-1A09-41D5-AFC9-648F6AF31D5B}.Debug|x86.Build.0 = Debug|Any CPU
		{ED7159C7-1A09-41D5-AFC9-648F6AF31D5B}.Release|Any CPU.ActiveCfg = Release|Any CPU
		{ED7159C7-1A09-41D5-AFC9-648F6AF31D5B}.Release|Any CPU.Build.0 = Release|Any CPU
		{ED7159C7-1A09-41D5-AFC9-648F6AF31D5B}.Release|ARM.ActiveCfg = Release|Any CPU
		{ED7159C7-1A09-41D5-AFC9-648F6AF31D5B}.Release|ARM.Build.0 = Release|Any CPU
		{ED7159C7-1A09-41D5-AFC9-648F6AF31D5B}.Release|iPhone.ActiveCfg = Release|Any CPU
		{ED7159C7-1A09-41D5-AFC9-648F6AF31D5B}.Release|iPhone.Build.0 = Release|Any CPU
		{ED7159C7-1A09-41D5-AFC9-648F6AF31D5B}.Release|iPhoneSimulator.ActiveCfg = Release|Any CPU
		{ED7159C7-1A09-41D5-AFC9-648F6AF31D5B}.Release|iPhoneSimulator.Build.0 = Release|Any CPU
		{ED7159C7-1A09-41D5-AFC9-648F6AF31D5B}.Release|x64.ActiveCfg = Release|Any CPU
		{ED7159C7-1A09-41D5-AFC9-648F6AF31D5B}.Release|x64.Build.0 = Release|Any CPU
		{ED7159C7-1A09-41D5-AFC9-648F6AF31D5B}.Release|x86.ActiveCfg = Release|Any CPU
		{ED7159C7-1A09-41D5-AFC9-648F6AF31D5B}.Release|x86.Build.0 = Release|Any CPU
		{16BB8A28-40AA-4D7F-AB26-ECFEC67790DE}.Ad-Hoc|Any CPU.ActiveCfg = Release|Any CPU
		{16BB8A28-40AA-4D7F-AB26-ECFEC67790DE}.Ad-Hoc|Any CPU.Build.0 = Release|Any CPU
		{16BB8A28-40AA-4D7F-AB26-ECFEC67790DE}.Ad-Hoc|Any CPU.Deploy.0 = Release|Any CPU
		{16BB8A28-40AA-4D7F-AB26-ECFEC67790DE}.Ad-Hoc|ARM.ActiveCfg = Release|Any CPU
		{16BB8A28-40AA-4D7F-AB26-ECFEC67790DE}.Ad-Hoc|ARM.Build.0 = Release|Any CPU
		{16BB8A28-40AA-4D7F-AB26-ECFEC67790DE}.Ad-Hoc|ARM.Deploy.0 = Release|Any CPU
		{16BB8A28-40AA-4D7F-AB26-ECFEC67790DE}.Ad-Hoc|iPhone.ActiveCfg = Release|Any CPU
		{16BB8A28-40AA-4D7F-AB26-ECFEC67790DE}.Ad-Hoc|iPhone.Build.0 = Release|Any CPU
		{16BB8A28-40AA-4D7F-AB26-ECFEC67790DE}.Ad-Hoc|iPhone.Deploy.0 = Release|Any CPU
		{16BB8A28-40AA-4D7F-AB26-ECFEC67790DE}.Ad-Hoc|iPhoneSimulator.ActiveCfg = Release|Any CPU
		{16BB8A28-40AA-4D7F-AB26-ECFEC67790DE}.Ad-Hoc|iPhoneSimulator.Build.0 = Release|Any CPU
		{16BB8A28-40AA-4D7F-AB26-ECFEC67790DE}.Ad-Hoc|iPhoneSimulator.Deploy.0 = Release|Any CPU
		{16BB8A28-40AA-4D7F-AB26-ECFEC67790DE}.Ad-Hoc|x64.ActiveCfg = Release|Any CPU
		{16BB8A28-40AA-4D7F-AB26-ECFEC67790DE}.Ad-Hoc|x64.Build.0 = Release|Any CPU
		{16BB8A28-40AA-4D7F-AB26-ECFEC67790DE}.Ad-Hoc|x64.Deploy.0 = Release|Any CPU
		{16BB8A28-40AA-4D7F-AB26-ECFEC67790DE}.Ad-Hoc|x86.ActiveCfg = Release|Any CPU
		{16BB8A28-40AA-4D7F-AB26-ECFEC67790DE}.Ad-Hoc|x86.Build.0 = Release|Any CPU
		{16BB8A28-40AA-4D7F-AB26-ECFEC67790DE}.Ad-Hoc|x86.Deploy.0 = Release|Any CPU
		{16BB8A28-40AA-4D7F-AB26-ECFEC67790DE}.AppStore|Any CPU.ActiveCfg = Release|Any CPU
		{16BB8A28-40AA-4D7F-AB26-ECFEC67790DE}.AppStore|Any CPU.Build.0 = Release|Any CPU
		{16BB8A28-40AA-4D7F-AB26-ECFEC67790DE}.AppStore|Any CPU.Deploy.0 = Release|Any CPU
		{16BB8A28-40AA-4D7F-AB26-ECFEC67790DE}.AppStore|ARM.ActiveCfg = Release|Any CPU
		{16BB8A28-40AA-4D7F-AB26-ECFEC67790DE}.AppStore|ARM.Build.0 = Release|Any CPU
		{16BB8A28-40AA-4D7F-AB26-ECFEC67790DE}.AppStore|ARM.Deploy.0 = Release|Any CPU
		{16BB8A28-40AA-4D7F-AB26-ECFEC67790DE}.AppStore|iPhone.ActiveCfg = Release|Any CPU
		{16BB8A28-40AA-4D7F-AB26-ECFEC67790DE}.AppStore|iPhone.Build.0 = Release|Any CPU
		{16BB8A28-40AA-4D7F-AB26-ECFEC67790DE}.AppStore|iPhone.Deploy.0 = Release|Any CPU
		{16BB8A28-40AA-4D7F-AB26-ECFEC67790DE}.AppStore|iPhoneSimulator.ActiveCfg = Release|Any CPU
		{16BB8A28-40AA-4D7F-AB26-ECFEC67790DE}.AppStore|iPhoneSimulator.Build.0 = Release|Any CPU
		{16BB8A28-40AA-4D7F-AB26-ECFEC67790DE}.AppStore|iPhoneSimulator.Deploy.0 = Release|Any CPU
		{16BB8A28-40AA-4D7F-AB26-ECFEC67790DE}.AppStore|x64.ActiveCfg = Release|Any CPU
		{16BB8A28-40AA-4D7F-AB26-ECFEC67790DE}.AppStore|x64.Build.0 = Release|Any CPU
		{16BB8A28-40AA-4D7F-AB26-ECFEC67790DE}.AppStore|x64.Deploy.0 = Release|Any CPU
		{16BB8A28-40AA-4D7F-AB26-ECFEC67790DE}.AppStore|x86.ActiveCfg = Release|Any CPU
		{16BB8A28-40AA-4D7F-AB26-ECFEC67790DE}.AppStore|x86.Build.0 = Release|Any CPU
		{16BB8A28-40AA-4D7F-AB26-ECFEC67790DE}.AppStore|x86.Deploy.0 = Release|Any CPU
		{16BB8A28-40AA-4D7F-AB26-ECFEC67790DE}.Debug|Any CPU.ActiveCfg = Debug|Any CPU
		{16BB8A28-40AA-4D7F-AB26-ECFEC67790DE}.Debug|Any CPU.Build.0 = Debug|Any CPU
		{16BB8A28-40AA-4D7F-AB26-ECFEC67790DE}.Debug|Any CPU.Deploy.0 = Debug|Any CPU
		{16BB8A28-40AA-4D7F-AB26-ECFEC67790DE}.Debug|ARM.ActiveCfg = Debug|Any CPU
		{16BB8A28-40AA-4D7F-AB26-ECFEC67790DE}.Debug|ARM.Build.0 = Debug|Any CPU
		{16BB8A28-40AA-4D7F-AB26-ECFEC67790DE}.Debug|ARM.Deploy.0 = Debug|Any CPU
		{16BB8A28-40AA-4D7F-AB26-ECFEC67790DE}.Debug|iPhone.ActiveCfg = Debug|Any CPU
		{16BB8A28-40AA-4D7F-AB26-ECFEC67790DE}.Debug|iPhone.Build.0 = Debug|Any CPU
		{16BB8A28-40AA-4D7F-AB26-ECFEC67790DE}.Debug|iPhone.Deploy.0 = Debug|Any CPU
		{16BB8A28-40AA-4D7F-AB26-ECFEC67790DE}.Debug|iPhoneSimulator.ActiveCfg = Debug|Any CPU
		{16BB8A28-40AA-4D7F-AB26-ECFEC67790DE}.Debug|iPhoneSimulator.Build.0 = Debug|Any CPU
		{16BB8A28-40AA-4D7F-AB26-ECFEC67790DE}.Debug|iPhoneSimulator.Deploy.0 = Debug|Any CPU
		{16BB8A28-40AA-4D7F-AB26-ECFEC67790DE}.Debug|x64.ActiveCfg = Debug|Any CPU
		{16BB8A28-40AA-4D7F-AB26-ECFEC67790DE}.Debug|x64.Build.0 = Debug|Any CPU
		{16BB8A28-40AA-4D7F-AB26-ECFEC67790DE}.Debug|x64.Deploy.0 = Debug|Any CPU
		{16BB8A28-40AA-4D7F-AB26-ECFEC67790DE}.Debug|x86.ActiveCfg = Debug|Any CPU
		{16BB8A28-40AA-4D7F-AB26-ECFEC67790DE}.Debug|x86.Build.0 = Debug|Any CPU
		{16BB8A28-40AA-4D7F-AB26-ECFEC67790DE}.Debug|x86.Deploy.0 = Debug|Any CPU
		{16BB8A28-40AA-4D7F-AB26-ECFEC67790DE}.Release|Any CPU.ActiveCfg = Release|Any CPU
		{16BB8A28-40AA-4D7F-AB26-ECFEC67790DE}.Release|Any CPU.Build.0 = Release|Any CPU
		{16BB8A28-40AA-4D7F-AB26-ECFEC67790DE}.Release|Any CPU.Deploy.0 = Release|Any CPU
		{16BB8A28-40AA-4D7F-AB26-ECFEC67790DE}.Release|ARM.ActiveCfg = Release|Any CPU
		{16BB8A28-40AA-4D7F-AB26-ECFEC67790DE}.Release|ARM.Build.0 = Release|Any CPU
		{16BB8A28-40AA-4D7F-AB26-ECFEC67790DE}.Release|ARM.Deploy.0 = Release|Any CPU
		{16BB8A28-40AA-4D7F-AB26-ECFEC67790DE}.Release|iPhone.ActiveCfg = Release|Any CPU
		{16BB8A28-40AA-4D7F-AB26-ECFEC67790DE}.Release|iPhone.Build.0 = Release|Any CPU
		{16BB8A28-40AA-4D7F-AB26-ECFEC67790DE}.Release|iPhone.Deploy.0 = Release|Any CPU
		{16BB8A28-40AA-4D7F-AB26-ECFEC67790DE}.Release|iPhoneSimulator.ActiveCfg = Release|Any CPU
		{16BB8A28-40AA-4D7F-AB26-ECFEC67790DE}.Release|iPhoneSimulator.Build.0 = Release|Any CPU
		{16BB8A28-40AA-4D7F-AB26-ECFEC67790DE}.Release|iPhoneSimulator.Deploy.0 = Release|Any CPU
		{16BB8A28-40AA-4D7F-AB26-ECFEC67790DE}.Release|x64.ActiveCfg = Release|Any CPU
		{16BB8A28-40AA-4D7F-AB26-ECFEC67790DE}.Release|x64.Build.0 = Release|Any CPU
		{16BB8A28-40AA-4D7F-AB26-ECFEC67790DE}.Release|x64.Deploy.0 = Release|Any CPU
		{16BB8A28-40AA-4D7F-AB26-ECFEC67790DE}.Release|x86.ActiveCfg = Release|Any CPU
		{16BB8A28-40AA-4D7F-AB26-ECFEC67790DE}.Release|x86.Build.0 = Release|Any CPU
		{16BB8A28-40AA-4D7F-AB26-ECFEC67790DE}.Release|x86.Deploy.0 = Release|Any CPU
		{0EE2EABE-77C3-4E69-9218-1A5BBF1475E8}.Ad-Hoc|Any CPU.ActiveCfg = Ad-Hoc|iPhone
		{0EE2EABE-77C3-4E69-9218-1A5BBF1475E8}.Ad-Hoc|ARM.ActiveCfg = Ad-Hoc|iPhone
		{0EE2EABE-77C3-4E69-9218-1A5BBF1475E8}.Ad-Hoc|iPhone.ActiveCfg = Ad-Hoc|iPhone
		{0EE2EABE-77C3-4E69-9218-1A5BBF1475E8}.Ad-Hoc|iPhone.Build.0 = Ad-Hoc|iPhone
		{0EE2EABE-77C3-4E69-9218-1A5BBF1475E8}.Ad-Hoc|iPhoneSimulator.ActiveCfg = Ad-Hoc|iPhoneSimulator
		{0EE2EABE-77C3-4E69-9218-1A5BBF1475E8}.Ad-Hoc|iPhoneSimulator.Build.0 = Ad-Hoc|iPhoneSimulator
		{0EE2EABE-77C3-4E69-9218-1A5BBF1475E8}.Ad-Hoc|x64.ActiveCfg = Ad-Hoc|iPhone
		{0EE2EABE-77C3-4E69-9218-1A5BBF1475E8}.Ad-Hoc|x86.ActiveCfg = Ad-Hoc|iPhone
		{0EE2EABE-77C3-4E69-9218-1A5BBF1475E8}.AppStore|Any CPU.ActiveCfg = AppStore|iPhone
		{0EE2EABE-77C3-4E69-9218-1A5BBF1475E8}.AppStore|ARM.ActiveCfg = AppStore|iPhone
		{0EE2EABE-77C3-4E69-9218-1A5BBF1475E8}.AppStore|iPhone.ActiveCfg = AppStore|iPhone
		{0EE2EABE-77C3-4E69-9218-1A5BBF1475E8}.AppStore|iPhone.Build.0 = AppStore|iPhone
		{0EE2EABE-77C3-4E69-9218-1A5BBF1475E8}.AppStore|iPhoneSimulator.ActiveCfg = AppStore|iPhoneSimulator
		{0EE2EABE-77C3-4E69-9218-1A5BBF1475E8}.AppStore|iPhoneSimulator.Build.0 = AppStore|iPhoneSimulator
		{0EE2EABE-77C3-4E69-9218-1A5BBF1475E8}.AppStore|x64.ActiveCfg = AppStore|iPhone
		{0EE2EABE-77C3-4E69-9218-1A5BBF1475E8}.AppStore|x86.ActiveCfg = AppStore|iPhone
		{0EE2EABE-77C3-4E69-9218-1A5BBF1475E8}.Debug|Any CPU.ActiveCfg = Debug|iPhone
		{0EE2EABE-77C3-4E69-9218-1A5BBF1475E8}.Debug|ARM.ActiveCfg = Debug|iPhone
		{0EE2EABE-77C3-4E69-9218-1A5BBF1475E8}.Debug|iPhone.ActiveCfg = Debug|iPhone
		{0EE2EABE-77C3-4E69-9218-1A5BBF1475E8}.Debug|iPhone.Build.0 = Debug|iPhone
		{0EE2EABE-77C3-4E69-9218-1A5BBF1475E8}.Debug|iPhoneSimulator.ActiveCfg = Debug|iPhoneSimulator
		{0EE2EABE-77C3-4E69-9218-1A5BBF1475E8}.Debug|iPhoneSimulator.Build.0 = Debug|iPhoneSimulator
		{0EE2EABE-77C3-4E69-9218-1A5BBF1475E8}.Debug|x64.ActiveCfg = Debug|iPhone
		{0EE2EABE-77C3-4E69-9218-1A5BBF1475E8}.Debug|x86.ActiveCfg = Debug|iPhone
		{0EE2EABE-77C3-4E69-9218-1A5BBF1475E8}.Release|Any CPU.ActiveCfg = Release|iPhone
		{0EE2EABE-77C3-4E69-9218-1A5BBF1475E8}.Release|ARM.ActiveCfg = Release|iPhone
		{0EE2EABE-77C3-4E69-9218-1A5BBF1475E8}.Release|iPhone.ActiveCfg = Release|iPhone
		{0EE2EABE-77C3-4E69-9218-1A5BBF1475E8}.Release|iPhone.Build.0 = Release|iPhone
		{0EE2EABE-77C3-4E69-9218-1A5BBF1475E8}.Release|iPhoneSimulator.ActiveCfg = Release|iPhoneSimulator
		{0EE2EABE-77C3-4E69-9218-1A5BBF1475E8}.Release|iPhoneSimulator.Build.0 = Release|iPhoneSimulator
		{0EE2EABE-77C3-4E69-9218-1A5BBF1475E8}.Release|x64.ActiveCfg = Release|iPhone
		{0EE2EABE-77C3-4E69-9218-1A5BBF1475E8}.Release|x86.ActiveCfg = Release|iPhone
		{A2C79A9A-200B-4BDB-A697-9A9F8601F906}.Ad-Hoc|Any CPU.ActiveCfg = Release|Any CPU
		{A2C79A9A-200B-4BDB-A697-9A9F8601F906}.Ad-Hoc|Any CPU.Build.0 = Release|Any CPU
		{A2C79A9A-200B-4BDB-A697-9A9F8601F906}.Ad-Hoc|Any CPU.Deploy.0 = Release|Any CPU
		{A2C79A9A-200B-4BDB-A697-9A9F8601F906}.Ad-Hoc|ARM.ActiveCfg = Release|ARM
		{A2C79A9A-200B-4BDB-A697-9A9F8601F906}.Ad-Hoc|ARM.Build.0 = Release|ARM
		{A2C79A9A-200B-4BDB-A697-9A9F8601F906}.Ad-Hoc|ARM.Deploy.0 = Release|ARM
		{A2C79A9A-200B-4BDB-A697-9A9F8601F906}.Ad-Hoc|iPhone.ActiveCfg = Release|Any CPU
		{A2C79A9A-200B-4BDB-A697-9A9F8601F906}.Ad-Hoc|iPhone.Build.0 = Release|Any CPU
		{A2C79A9A-200B-4BDB-A697-9A9F8601F906}.Ad-Hoc|iPhone.Deploy.0 = Release|Any CPU
		{A2C79A9A-200B-4BDB-A697-9A9F8601F906}.Ad-Hoc|iPhoneSimulator.ActiveCfg = Release|Any CPU
		{A2C79A9A-200B-4BDB-A697-9A9F8601F906}.Ad-Hoc|iPhoneSimulator.Build.0 = Release|Any CPU
		{A2C79A9A-200B-4BDB-A697-9A9F8601F906}.Ad-Hoc|iPhoneSimulator.Deploy.0 = Release|Any CPU
		{A2C79A9A-200B-4BDB-A697-9A9F8601F906}.Ad-Hoc|x64.ActiveCfg = Release|Any CPU
		{A2C79A9A-200B-4BDB-A697-9A9F8601F906}.Ad-Hoc|x64.Build.0 = Release|Any CPU
		{A2C79A9A-200B-4BDB-A697-9A9F8601F906}.Ad-Hoc|x64.Deploy.0 = Release|Any CPU
		{A2C79A9A-200B-4BDB-A697-9A9F8601F906}.Ad-Hoc|x86.ActiveCfg = Release|x86
		{A2C79A9A-200B-4BDB-A697-9A9F8601F906}.Ad-Hoc|x86.Build.0 = Release|x86
		{A2C79A9A-200B-4BDB-A697-9A9F8601F906}.Ad-Hoc|x86.Deploy.0 = Release|x86
		{A2C79A9A-200B-4BDB-A697-9A9F8601F906}.AppStore|Any CPU.ActiveCfg = Release|Any CPU
		{A2C79A9A-200B-4BDB-A697-9A9F8601F906}.AppStore|Any CPU.Build.0 = Release|Any CPU
		{A2C79A9A-200B-4BDB-A697-9A9F8601F906}.AppStore|Any CPU.Deploy.0 = Release|Any CPU
		{A2C79A9A-200B-4BDB-A697-9A9F8601F906}.AppStore|ARM.ActiveCfg = Release|ARM
		{A2C79A9A-200B-4BDB-A697-9A9F8601F906}.AppStore|ARM.Build.0 = Release|ARM
		{A2C79A9A-200B-4BDB-A697-9A9F8601F906}.AppStore|ARM.Deploy.0 = Release|ARM
		{A2C79A9A-200B-4BDB-A697-9A9F8601F906}.AppStore|iPhone.ActiveCfg = Release|Any CPU
		{A2C79A9A-200B-4BDB-A697-9A9F8601F906}.AppStore|iPhone.Build.0 = Release|Any CPU
		{A2C79A9A-200B-4BDB-A697-9A9F8601F906}.AppStore|iPhone.Deploy.0 = Release|Any CPU
		{A2C79A9A-200B-4BDB-A697-9A9F8601F906}.AppStore|iPhoneSimulator.ActiveCfg = Release|Any CPU
		{A2C79A9A-200B-4BDB-A697-9A9F8601F906}.AppStore|iPhoneSimulator.Build.0 = Release|Any CPU
		{A2C79A9A-200B-4BDB-A697-9A9F8601F906}.AppStore|iPhoneSimulator.Deploy.0 = Release|Any CPU
		{A2C79A9A-200B-4BDB-A697-9A9F8601F906}.AppStore|x64.ActiveCfg = Release|Any CPU
		{A2C79A9A-200B-4BDB-A697-9A9F8601F906}.AppStore|x64.Build.0 = Release|Any CPU
		{A2C79A9A-200B-4BDB-A697-9A9F8601F906}.AppStore|x64.Deploy.0 = Release|Any CPU
		{A2C79A9A-200B-4BDB-A697-9A9F8601F906}.AppStore|x86.ActiveCfg = Release|x86
		{A2C79A9A-200B-4BDB-A697-9A9F8601F906}.AppStore|x86.Build.0 = Release|x86
		{A2C79A9A-200B-4BDB-A697-9A9F8601F906}.AppStore|x86.Deploy.0 = Release|x86
		{A2C79A9A-200B-4BDB-A697-9A9F8601F906}.Debug|Any CPU.ActiveCfg = Debug|Any CPU
		{A2C79A9A-200B-4BDB-A697-9A9F8601F906}.Debug|Any CPU.Build.0 = Debug|Any CPU
		{A2C79A9A-200B-4BDB-A697-9A9F8601F906}.Debug|Any CPU.Deploy.0 = Debug|Any CPU
		{A2C79A9A-200B-4BDB-A697-9A9F8601F906}.Debug|ARM.ActiveCfg = Debug|ARM
		{A2C79A9A-200B-4BDB-A697-9A9F8601F906}.Debug|ARM.Build.0 = Debug|ARM
		{A2C79A9A-200B-4BDB-A697-9A9F8601F906}.Debug|ARM.Deploy.0 = Debug|ARM
		{A2C79A9A-200B-4BDB-A697-9A9F8601F906}.Debug|iPhone.ActiveCfg = Debug|Any CPU
		{A2C79A9A-200B-4BDB-A697-9A9F8601F906}.Debug|iPhone.Build.0 = Debug|Any CPU
		{A2C79A9A-200B-4BDB-A697-9A9F8601F906}.Debug|iPhone.Deploy.0 = Debug|Any CPU
		{A2C79A9A-200B-4BDB-A697-9A9F8601F906}.Debug|iPhoneSimulator.ActiveCfg = Debug|Any CPU
		{A2C79A9A-200B-4BDB-A697-9A9F8601F906}.Debug|iPhoneSimulator.Build.0 = Debug|Any CPU
		{A2C79A9A-200B-4BDB-A697-9A9F8601F906}.Debug|iPhoneSimulator.Deploy.0 = Debug|Any CPU
		{A2C79A9A-200B-4BDB-A697-9A9F8601F906}.Debug|x64.ActiveCfg = Debug|Any CPU
		{A2C79A9A-200B-4BDB-A697-9A9F8601F906}.Debug|x64.Build.0 = Debug|Any CPU
		{A2C79A9A-200B-4BDB-A697-9A9F8601F906}.Debug|x64.Deploy.0 = Debug|Any CPU
		{A2C79A9A-200B-4BDB-A697-9A9F8601F906}.Debug|x86.ActiveCfg = Debug|x86
		{A2C79A9A-200B-4BDB-A697-9A9F8601F906}.Debug|x86.Build.0 = Debug|x86
		{A2C79A9A-200B-4BDB-A697-9A9F8601F906}.Debug|x86.Deploy.0 = Debug|x86
		{A2C79A9A-200B-4BDB-A697-9A9F8601F906}.Release|Any CPU.ActiveCfg = Release|Any CPU
		{A2C79A9A-200B-4BDB-A697-9A9F8601F906}.Release|Any CPU.Build.0 = Release|Any CPU
		{A2C79A9A-200B-4BDB-A697-9A9F8601F906}.Release|Any CPU.Deploy.0 = Release|Any CPU
		{A2C79A9A-200B-4BDB-A697-9A9F8601F906}.Release|ARM.ActiveCfg = Release|ARM
		{A2C79A9A-200B-4BDB-A697-9A9F8601F906}.Release|ARM.Build.0 = Release|ARM
		{A2C79A9A-200B-4BDB-A697-9A9F8601F906}.Release|ARM.Deploy.0 = Release|ARM
		{A2C79A9A-200B-4BDB-A697-9A9F8601F906}.Release|iPhone.ActiveCfg = Release|Any CPU
		{A2C79A9A-200B-4BDB-A697-9A9F8601F906}.Release|iPhone.Build.0 = Release|Any CPU
		{A2C79A9A-200B-4BDB-A697-9A9F8601F906}.Release|iPhone.Deploy.0 = Release|Any CPU
		{A2C79A9A-200B-4BDB-A697-9A9F8601F906}.Release|iPhoneSimulator.ActiveCfg = Release|Any CPU
		{A2C79A9A-200B-4BDB-A697-9A9F8601F906}.Release|iPhoneSimulator.Build.0 = Release|Any CPU
		{A2C79A9A-200B-4BDB-A697-9A9F8601F906}.Release|iPhoneSimulator.Deploy.0 = Release|Any CPU
		{A2C79A9A-200B-4BDB-A697-9A9F8601F906}.Release|x64.ActiveCfg = Release|Any CPU
		{A2C79A9A-200B-4BDB-A697-9A9F8601F906}.Release|x64.Build.0 = Release|Any CPU
		{A2C79A9A-200B-4BDB-A697-9A9F8601F906}.Release|x64.Deploy.0 = Release|Any CPU
		{A2C79A9A-200B-4BDB-A697-9A9F8601F906}.Release|x86.ActiveCfg = Release|x86
		{A2C79A9A-200B-4BDB-A697-9A9F8601F906}.Release|x86.Build.0 = Release|x86
		{A2C79A9A-200B-4BDB-A697-9A9F8601F906}.Release|x86.Deploy.0 = Release|x86
		{34C996B4-CB4E-4FBC-A497-55C414B6EC78}.Ad-Hoc|Any CPU.ActiveCfg = Release|x86
		{34C996B4-CB4E-4FBC-A497-55C414B6EC78}.Ad-Hoc|Any CPU.Build.0 = Release|x86
		{34C996B4-CB4E-4FBC-A497-55C414B6EC78}.Ad-Hoc|Any CPU.Deploy.0 = Release|x86
		{34C996B4-CB4E-4FBC-A497-55C414B6EC78}.Ad-Hoc|ARM.ActiveCfg = Release|ARM
		{34C996B4-CB4E-4FBC-A497-55C414B6EC78}.Ad-Hoc|ARM.Build.0 = Release|ARM
		{34C996B4-CB4E-4FBC-A497-55C414B6EC78}.Ad-Hoc|ARM.Deploy.0 = Release|ARM
		{34C996B4-CB4E-4FBC-A497-55C414B6EC78}.Ad-Hoc|iPhone.ActiveCfg = Release|x86
		{34C996B4-CB4E-4FBC-A497-55C414B6EC78}.Ad-Hoc|iPhone.Build.0 = Release|x86
		{34C996B4-CB4E-4FBC-A497-55C414B6EC78}.Ad-Hoc|iPhone.Deploy.0 = Release|x86
		{34C996B4-CB4E-4FBC-A497-55C414B6EC78}.Ad-Hoc|iPhoneSimulator.ActiveCfg = Release|x86
		{34C996B4-CB4E-4FBC-A497-55C414B6EC78}.Ad-Hoc|iPhoneSimulator.Build.0 = Release|x86
		{34C996B4-CB4E-4FBC-A497-55C414B6EC78}.Ad-Hoc|iPhoneSimulator.Deploy.0 = Release|x86
		{34C996B4-CB4E-4FBC-A497-55C414B6EC78}.Ad-Hoc|x64.ActiveCfg = Release|x64
		{34C996B4-CB4E-4FBC-A497-55C414B6EC78}.Ad-Hoc|x64.Build.0 = Release|x64
		{34C996B4-CB4E-4FBC-A497-55C414B6EC78}.Ad-Hoc|x64.Deploy.0 = Release|x64
		{34C996B4-CB4E-4FBC-A497-55C414B6EC78}.Ad-Hoc|x86.ActiveCfg = Release|x86
		{34C996B4-CB4E-4FBC-A497-55C414B6EC78}.Ad-Hoc|x86.Build.0 = Release|x86
		{34C996B4-CB4E-4FBC-A497-55C414B6EC78}.Ad-Hoc|x86.Deploy.0 = Release|x86
		{34C996B4-CB4E-4FBC-A497-55C414B6EC78}.AppStore|Any CPU.ActiveCfg = Release|x86
		{34C996B4-CB4E-4FBC-A497-55C414B6EC78}.AppStore|Any CPU.Build.0 = Release|x86
		{34C996B4-CB4E-4FBC-A497-55C414B6EC78}.AppStore|Any CPU.Deploy.0 = Release|x86
		{34C996B4-CB4E-4FBC-A497-55C414B6EC78}.AppStore|ARM.ActiveCfg = Release|ARM
		{34C996B4-CB4E-4FBC-A497-55C414B6EC78}.AppStore|ARM.Build.0 = Release|ARM
		{34C996B4-CB4E-4FBC-A497-55C414B6EC78}.AppStore|ARM.Deploy.0 = Release|ARM
		{34C996B4-CB4E-4FBC-A497-55C414B6EC78}.AppStore|iPhone.ActiveCfg = Release|x86
		{34C996B4-CB4E-4FBC-A497-55C414B6EC78}.AppStore|iPhone.Build.0 = Release|x86
		{34C996B4-CB4E-4FBC-A497-55C414B6EC78}.AppStore|iPhone.Deploy.0 = Release|x86
		{34C996B4-CB4E-4FBC-A497-55C414B6EC78}.AppStore|iPhoneSimulator.ActiveCfg = Release|x86
		{34C996B4-CB4E-4FBC-A497-55C414B6EC78}.AppStore|iPhoneSimulator.Build.0 = Release|x86
		{34C996B4-CB4E-4FBC-A497-55C414B6EC78}.AppStore|iPhoneSimulator.Deploy.0 = Release|x86
		{34C996B4-CB4E-4FBC-A497-55C414B6EC78}.AppStore|x64.ActiveCfg = Release|x64
		{34C996B4-CB4E-4FBC-A497-55C414B6EC78}.AppStore|x64.Build.0 = Release|x64
		{34C996B4-CB4E-4FBC-A497-55C414B6EC78}.AppStore|x64.Deploy.0 = Release|x64
		{34C996B4-CB4E-4FBC-A497-55C414B6EC78}.AppStore|x86.ActiveCfg = Release|x86
		{34C996B4-CB4E-4FBC-A497-55C414B6EC78}.AppStore|x86.Build.0 = Release|x86
		{34C996B4-CB4E-4FBC-A497-55C414B6EC78}.AppStore|x86.Deploy.0 = Release|x86
		{34C996B4-CB4E-4FBC-A497-55C414B6EC78}.Debug|Any CPU.ActiveCfg = Debug|x86
		{34C996B4-CB4E-4FBC-A497-55C414B6EC78}.Debug|ARM.ActiveCfg = Debug|ARM
		{34C996B4-CB4E-4FBC-A497-55C414B6EC78}.Debug|ARM.Build.0 = Debug|ARM
		{34C996B4-CB4E-4FBC-A497-55C414B6EC78}.Debug|ARM.Deploy.0 = Debug|ARM
		{34C996B4-CB4E-4FBC-A497-55C414B6EC78}.Debug|iPhone.ActiveCfg = Debug|x86
		{34C996B4-CB4E-4FBC-A497-55C414B6EC78}.Debug|iPhoneSimulator.ActiveCfg = Debug|x86
		{34C996B4-CB4E-4FBC-A497-55C414B6EC78}.Debug|x64.ActiveCfg = Debug|x64
		{34C996B4-CB4E-4FBC-A497-55C414B6EC78}.Debug|x64.Build.0 = Debug|x64
		{34C996B4-CB4E-4FBC-A497-55C414B6EC78}.Debug|x64.Deploy.0 = Debug|x64
		{34C996B4-CB4E-4FBC-A497-55C414B6EC78}.Debug|x86.ActiveCfg = Debug|x86
		{34C996B4-CB4E-4FBC-A497-55C414B6EC78}.Debug|x86.Build.0 = Debug|x86
		{34C996B4-CB4E-4FBC-A497-55C414B6EC78}.Debug|x86.Deploy.0 = Debug|x86
		{34C996B4-CB4E-4FBC-A497-55C414B6EC78}.Release|Any CPU.ActiveCfg = Release|x86
		{34C996B4-CB4E-4FBC-A497-55C414B6EC78}.Release|ARM.ActiveCfg = Release|ARM
		{34C996B4-CB4E-4FBC-A497-55C414B6EC78}.Release|ARM.Build.0 = Release|ARM
		{34C996B4-CB4E-4FBC-A497-55C414B6EC78}.Release|ARM.Deploy.0 = Release|ARM
		{34C996B4-CB4E-4FBC-A497-55C414B6EC78}.Release|iPhone.ActiveCfg = Release|x86
		{34C996B4-CB4E-4FBC-A497-55C414B6EC78}.Release|iPhoneSimulator.ActiveCfg = Release|x86
		{34C996B4-CB4E-4FBC-A497-55C414B6EC78}.Release|x64.ActiveCfg = Release|x64
		{34C996B4-CB4E-4FBC-A497-55C414B6EC78}.Release|x64.Build.0 = Release|x64
		{34C996B4-CB4E-4FBC-A497-55C414B6EC78}.Release|x64.Deploy.0 = Release|x64
		{34C996B4-CB4E-4FBC-A497-55C414B6EC78}.Release|x86.ActiveCfg = Release|x86
		{34C996B4-CB4E-4FBC-A497-55C414B6EC78}.Release|x86.Build.0 = Release|x86
		{34C996B4-CB4E-4FBC-A497-55C414B6EC78}.Release|x86.Deploy.0 = Release|x86
		{CE8F806D-FDD4-4508-8366-83756E0FB4FA}.Ad-Hoc|Any CPU.ActiveCfg = Release|Any CPU
		{CE8F806D-FDD4-4508-8366-83756E0FB4FA}.Ad-Hoc|Any CPU.Build.0 = Release|Any CPU
		{CE8F806D-FDD4-4508-8366-83756E0FB4FA}.Ad-Hoc|Any CPU.Deploy.0 = Release|Any CPU
		{CE8F806D-FDD4-4508-8366-83756E0FB4FA}.Ad-Hoc|ARM.ActiveCfg = Release|ARM
		{CE8F806D-FDD4-4508-8366-83756E0FB4FA}.Ad-Hoc|ARM.Build.0 = Release|ARM
		{CE8F806D-FDD4-4508-8366-83756E0FB4FA}.Ad-Hoc|ARM.Deploy.0 = Release|ARM
		{CE8F806D-FDD4-4508-8366-83756E0FB4FA}.Ad-Hoc|iPhone.ActiveCfg = Release|Any CPU
		{CE8F806D-FDD4-4508-8366-83756E0FB4FA}.Ad-Hoc|iPhone.Build.0 = Release|Any CPU
		{CE8F806D-FDD4-4508-8366-83756E0FB4FA}.Ad-Hoc|iPhone.Deploy.0 = Release|Any CPU
		{CE8F806D-FDD4-4508-8366-83756E0FB4FA}.Ad-Hoc|iPhoneSimulator.ActiveCfg = Release|Any CPU
		{CE8F806D-FDD4-4508-8366-83756E0FB4FA}.Ad-Hoc|iPhoneSimulator.Build.0 = Release|Any CPU
		{CE8F806D-FDD4-4508-8366-83756E0FB4FA}.Ad-Hoc|iPhoneSimulator.Deploy.0 = Release|Any CPU
		{CE8F806D-FDD4-4508-8366-83756E0FB4FA}.Ad-Hoc|x64.ActiveCfg = Release|x64
		{CE8F806D-FDD4-4508-8366-83756E0FB4FA}.Ad-Hoc|x64.Build.0 = Release|x64
		{CE8F806D-FDD4-4508-8366-83756E0FB4FA}.Ad-Hoc|x64.Deploy.0 = Release|x64
		{CE8F806D-FDD4-4508-8366-83756E0FB4FA}.Ad-Hoc|x86.ActiveCfg = Release|x86
		{CE8F806D-FDD4-4508-8366-83756E0FB4FA}.Ad-Hoc|x86.Build.0 = Release|x86
		{CE8F806D-FDD4-4508-8366-83756E0FB4FA}.Ad-Hoc|x86.Deploy.0 = Release|x86
		{CE8F806D-FDD4-4508-8366-83756E0FB4FA}.AppStore|Any CPU.ActiveCfg = Release|Any CPU
		{CE8F806D-FDD4-4508-8366-83756E0FB4FA}.AppStore|Any CPU.Build.0 = Release|Any CPU
		{CE8F806D-FDD4-4508-8366-83756E0FB4FA}.AppStore|Any CPU.Deploy.0 = Release|Any CPU
		{CE8F806D-FDD4-4508-8366-83756E0FB4FA}.AppStore|ARM.ActiveCfg = Release|ARM
		{CE8F806D-FDD4-4508-8366-83756E0FB4FA}.AppStore|ARM.Build.0 = Release|ARM
		{CE8F806D-FDD4-4508-8366-83756E0FB4FA}.AppStore|ARM.Deploy.0 = Release|ARM
		{CE8F806D-FDD4-4508-8366-83756E0FB4FA}.AppStore|iPhone.ActiveCfg = Release|Any CPU
		{CE8F806D-FDD4-4508-8366-83756E0FB4FA}.AppStore|iPhone.Build.0 = Release|Any CPU
		{CE8F806D-FDD4-4508-8366-83756E0FB4FA}.AppStore|iPhone.Deploy.0 = Release|Any CPU
		{CE8F806D-FDD4-4508-8366-83756E0FB4FA}.AppStore|iPhoneSimulator.ActiveCfg = Release|Any CPU
		{CE8F806D-FDD4-4508-8366-83756E0FB4FA}.AppStore|iPhoneSimulator.Build.0 = Release|Any CPU
		{CE8F806D-FDD4-4508-8366-83756E0FB4FA}.AppStore|iPhoneSimulator.Deploy.0 = Release|Any CPU
		{CE8F806D-FDD4-4508-8366-83756E0FB4FA}.AppStore|x64.ActiveCfg = Release|x64
		{CE8F806D-FDD4-4508-8366-83756E0FB4FA}.AppStore|x64.Build.0 = Release|x64
		{CE8F806D-FDD4-4508-8366-83756E0FB4FA}.AppStore|x64.Deploy.0 = Release|x64
		{CE8F806D-FDD4-4508-8366-83756E0FB4FA}.AppStore|x86.ActiveCfg = Release|x86
		{CE8F806D-FDD4-4508-8366-83756E0FB4FA}.AppStore|x86.Build.0 = Release|x86
		{CE8F806D-FDD4-4508-8366-83756E0FB4FA}.AppStore|x86.Deploy.0 = Release|x86
		{CE8F806D-FDD4-4508-8366-83756E0FB4FA}.Debug|Any CPU.ActiveCfg = Debug|Any CPU
		{CE8F806D-FDD4-4508-8366-83756E0FB4FA}.Debug|Any CPU.Build.0 = Debug|Any CPU
		{CE8F806D-FDD4-4508-8366-83756E0FB4FA}.Debug|Any CPU.Deploy.0 = Debug|Any CPU
		{CE8F806D-FDD4-4508-8366-83756E0FB4FA}.Debug|ARM.ActiveCfg = Debug|ARM
		{CE8F806D-FDD4-4508-8366-83756E0FB4FA}.Debug|ARM.Build.0 = Debug|ARM
		{CE8F806D-FDD4-4508-8366-83756E0FB4FA}.Debug|ARM.Deploy.0 = Debug|ARM
		{CE8F806D-FDD4-4508-8366-83756E0FB4FA}.Debug|iPhone.ActiveCfg = Debug|Any CPU
		{CE8F806D-FDD4-4508-8366-83756E0FB4FA}.Debug|iPhone.Build.0 = Debug|Any CPU
		{CE8F806D-FDD4-4508-8366-83756E0FB4FA}.Debug|iPhone.Deploy.0 = Debug|Any CPU
		{CE8F806D-FDD4-4508-8366-83756E0FB4FA}.Debug|iPhoneSimulator.ActiveCfg = Debug|Any CPU
		{CE8F806D-FDD4-4508-8366-83756E0FB4FA}.Debug|iPhoneSimulator.Build.0 = Debug|Any CPU
		{CE8F806D-FDD4-4508-8366-83756E0FB4FA}.Debug|iPhoneSimulator.Deploy.0 = Debug|Any CPU
		{CE8F806D-FDD4-4508-8366-83756E0FB4FA}.Debug|x64.ActiveCfg = Debug|x64
		{CE8F806D-FDD4-4508-8366-83756E0FB4FA}.Debug|x64.Build.0 = Debug|x64
		{CE8F806D-FDD4-4508-8366-83756E0FB4FA}.Debug|x64.Deploy.0 = Debug|x64
		{CE8F806D-FDD4-4508-8366-83756E0FB4FA}.Debug|x86.ActiveCfg = Debug|x86
		{CE8F806D-FDD4-4508-8366-83756E0FB4FA}.Debug|x86.Build.0 = Debug|x86
		{CE8F806D-FDD4-4508-8366-83756E0FB4FA}.Debug|x86.Deploy.0 = Debug|x86
		{CE8F806D-FDD4-4508-8366-83756E0FB4FA}.Release|Any CPU.ActiveCfg = Release|Any CPU
		{CE8F806D-FDD4-4508-8366-83756E0FB4FA}.Release|Any CPU.Build.0 = Release|Any CPU
		{CE8F806D-FDD4-4508-8366-83756E0FB4FA}.Release|Any CPU.Deploy.0 = Release|Any CPU
		{CE8F806D-FDD4-4508-8366-83756E0FB4FA}.Release|ARM.ActiveCfg = Release|ARM
		{CE8F806D-FDD4-4508-8366-83756E0FB4FA}.Release|ARM.Build.0 = Release|ARM
		{CE8F806D-FDD4-4508-8366-83756E0FB4FA}.Release|ARM.Deploy.0 = Release|ARM
		{CE8F806D-FDD4-4508-8366-83756E0FB4FA}.Release|iPhone.ActiveCfg = Release|Any CPU
		{CE8F806D-FDD4-4508-8366-83756E0FB4FA}.Release|iPhone.Build.0 = Release|Any CPU
		{CE8F806D-FDD4-4508-8366-83756E0FB4FA}.Release|iPhone.Deploy.0 = Release|Any CPU
		{CE8F806D-FDD4-4508-8366-83756E0FB4FA}.Release|iPhoneSimulator.ActiveCfg = Release|Any CPU
		{CE8F806D-FDD4-4508-8366-83756E0FB4FA}.Release|iPhoneSimulator.Build.0 = Release|Any CPU
		{CE8F806D-FDD4-4508-8366-83756E0FB4FA}.Release|iPhoneSimulator.Deploy.0 = Release|Any CPU
		{CE8F806D-FDD4-4508-8366-83756E0FB4FA}.Release|x64.ActiveCfg = Release|x64
		{CE8F806D-FDD4-4508-8366-83756E0FB4FA}.Release|x64.Build.0 = Release|x64
		{CE8F806D-FDD4-4508-8366-83756E0FB4FA}.Release|x64.Deploy.0 = Release|x64
		{CE8F806D-FDD4-4508-8366-83756E0FB4FA}.Release|x86.ActiveCfg = Release|x86
		{CE8F806D-FDD4-4508-8366-83756E0FB4FA}.Release|x86.Build.0 = Release|x86
		{CE8F806D-FDD4-4508-8366-83756E0FB4FA}.Release|x86.Deploy.0 = Release|x86
	EndGlobalSection
	GlobalSection(SolutionProperties) = preSolution
		HideSolutionNode = FALSE
	EndGlobalSection
EndGlobal
